
Microsoft Visual Studio Solution File, Format Version 12.00
# Visual Studio 15
VisualStudioVersion = 15.0.28010.2046
MinimumVisualStudioVersion = 10.0.40219.1
Project("{FAE04EC0-301F-11D3-BF4B-00C04F79EFBC}") = "CommonLibrary", "CommonLibrary\CommonLibrary.csproj", "{E3A4B98F-6D31-44C0-A38F-B845DA01DF5C}"
EndProject
Global
	GlobalSection(SolutionConfigurationPlatforms) = preSolution
		Debug|Any CPU = Debug|Any CPU
		Release|Any CPU = Release|Any CPU
	EndGlobalSection
	GlobalSection(ProjectConfigurationPlatforms) = postSolution
		{E3A4B98F-6D31-44C0-A38F-B845DA01DF5C}.Debug|Any CPU.ActiveCfg = Debug|Any CPU
		{E3A4B98F-6D31-44C0-A38F-B845DA01DF5C}.Debug|Any CPU.Build.0 = Debug|Any CPU
		{E3A4B98F-6D31-44C0-A38F-B845DA01DF5C}.Release|Any CPU.ActiveCfg = Release|Any CPU
		{E3A4B98F-6D31-44C0-A38F-B845DA01DF5C}.Release|Any CPU.Build.0 = Release|Any CPU
	EndGlobalSection
	GlobalSection(SolutionProperties) = preSolution
		HideSolutionNode = FALSE
	EndGlobalSection
	GlobalSection(ExtensibilityGlobals) = postSolution
		SolutionGuid = {3F6A0486-64BD-41A8-A1F4-69A8A189EFF7}
	EndGlobalSection
EndGlobal
